
Microsoft Visual Studio Solution File, Format Version 12.00
# Visual Studio 15
VisualStudioVersion = 15.0.28307.1340
MinimumVisualStudioVersion = 10.0.40219.1
Project("{F14B399A-7131-4C87-9E4B-1186C45EF12D}") = "CBT Vinyls-SSRS", "CBT Vinyls-SSRS\CBT Vinyls-SSRS.rptproj", "{858142B4-6B79-49F6-9872-1D529DBF197E}"
EndProject
Global
	GlobalSection(SolutionConfigurationPlatforms) = preSolution
		Debug|Default = Debug|Default
		DebugLocal|Default = DebugLocal|Default
		Release|Default = Release|Default
	EndGlobalSection
	GlobalSection(ProjectConfigurationPlatforms) = postSolution
		{858142B4-6B79-49F6-9872-1D529DBF197E}.Debug|Default.ActiveCfg = Debug
		{858142B4-6B79-49F6-9872-1D529DBF197E}.Debug|Default.Build.0 = Debug
		{858142B4-6B79-49F6-9872-1D529DBF197E}.Debug|Default.Deploy.0 = Debug
		{858142B4-6B79-49F6-9872-1D529DBF197E}.DebugLocal|Default.ActiveCfg = DebugLocal
		{858142B4-6B79-49F6-9872-1D529DBF197E}.DebugLocal|Default.Build.0 = DebugLocal
		{858142B4-6B79-49F6-9872-1D529DBF197E}.Release|Default.ActiveCfg = Release
		{858142B4-6B79-49F6-9872-1D529DBF197E}.Release|Default.Build.0 = Release
		{858142B4-6B79-49F6-9872-1D529DBF197E}.Release|Default.Deploy.0 = Release
	EndGlobalSection
	GlobalSection(SolutionProperties) = preSolution
		HideSolutionNode = FALSE
	EndGlobalSection
	GlobalSection(ExtensibilityGlobals) = postSolution
		SolutionGuid = {855EB639-B935-4759-AE72-8FE06A7B173F}
	EndGlobalSection
EndGlobal
